// !$*UTF8*$!
{
	archiveVersion = 1;
	classes = {
	};
	objectVersion = 56;
	objects = {

/* Begin PBXBuildFile section */
		C6293E8A2B65421A00BD92F9 /* DogRow.swift in Sources */ = {isa = PBXBuildFile; fileRef = C6293E892B65421A00BD92F9 /* DogRow.swift */; };
		C669D9652B6049DD00CA3699 /* Solvedex_ChallengeApp.swift in Sources */ = {isa = PBXBuildFile; fileRef = C669D9642B6049DD00CA3699 /* Solvedex_ChallengeApp.swift */; };
		C669D9692B6049E400CA3699 /* Assets.xcassets in Resources */ = {isa = PBXBuildFile; fileRef = C669D9682B6049E400CA3699 /* Assets.xcassets */; };
		C669D96C2B6049E400CA3699 /* Preview Assets.xcassets in Resources */ = {isa = PBXBuildFile; fileRef = C669D96B2B6049E400CA3699 /* Preview Assets.xcassets */; };
		C669D97C2B60A03600CA3699 /* DogModel.swift in Sources */ = {isa = PBXBuildFile; fileRef = C669D97B2B60A03600CA3699 /* DogModel.swift */; };
		C669D97E2B60A3E200CA3699 /* ErrorCases.swift in Sources */ = {isa = PBXBuildFile; fileRef = C669D97D2B60A3E200CA3699 /* ErrorCases.swift */; };
		C669D9822B60ABC900CA3699 /* DogView.swift in Sources */ = {isa = PBXBuildFile; fileRef = C669D9812B60ABC900CA3699 /* DogView.swift */; };
		C669D9882B614FA400CA3699 /* Constants.swift in Sources */ = {isa = PBXBuildFile; fileRef = C669D9872B614FA400CA3699 /* Constants.swift */; };
		C669D98A2B61519400CA3699 /* DogsViewModel.swift in Sources */ = {isa = PBXBuildFile; fileRef = C669D9892B61519400CA3699 /* DogsViewModel.swift */; };
		C669D98E2B62054200CA3699 /* LoaderView.swift in Sources */ = {isa = PBXBuildFile; fileRef = C669D98D2B62054200CA3699 /* LoaderView.swift */; };
		C6AE06C52B64426C00322CB4 /* WebService.swift in Sources */ = {isa = PBXBuildFile; fileRef = C6AE06C42B64426C00322CB4 /* WebService.swift */; };
/* End PBXBuildFile section */

/* Begin PBXFileReference section */
		C6293E892B65421A00BD92F9 /* DogRow.swift */ = {isa = PBXFileReference; lastKnownFileType = sourcecode.swift; path = DogRow.swift; sourceTree = "<group>"; };
		C669D9612B6049DD00CA3699 /* Solvedex Challenge.app */ = {isa = PBXFileReference; explicitFileType = wrapper.application; includeInIndex = 0; path = "Solvedex Challenge.app"; sourceTree = BUILT_PRODUCTS_DIR; };
		C669D9642B6049DD00CA3699 /* Solvedex_ChallengeApp.swift */ = {isa = PBXFileReference; lastKnownFileType = sourcecode.swift; path = Solvedex_ChallengeApp.swift; sourceTree = "<group>"; };
		C669D9682B6049E400CA3699 /* Assets.xcassets */ = {isa = PBXFileReference; lastKnownFileType = folder.assetcatalog; path = Assets.xcassets; sourceTree = "<group>"; };
		C669D96B2B6049E400CA3699 /* Preview Assets.xcassets */ = {isa = PBXFileReference; lastKnownFileType = folder.assetcatalog; path = "Preview Assets.xcassets"; sourceTree = "<group>"; };
		C669D97B2B60A03600CA3699 /* DogModel.swift */ = {isa = PBXFileReference; lastKnownFileType = sourcecode.swift; path = DogModel.swift; sourceTree = "<group>"; };
		C669D97D2B60A3E200CA3699 /* ErrorCases.swift */ = {isa = PBXFileReference; lastKnownFileType = sourcecode.swift; path = ErrorCases.swift; sourceTree = "<group>"; };
		C669D9812B60ABC900CA3699 /* DogView.swift */ = {isa = PBXFileReference; lastKnownFileType = sourcecode.swift; path = DogView.swift; sourceTree = "<group>"; };
		C669D9872B614FA400CA3699 /* Constants.swift */ = {isa = PBXFileReference; lastKnownFileType = sourcecode.swift; path = Constants.swift; sourceTree = "<group>"; };
		C669D9892B61519400CA3699 /* DogsViewModel.swift */ = {isa = PBXFileReference; lastKnownFileType = sourcecode.swift; path = DogsViewModel.swift; sourceTree = "<group>"; };
		C669D98D2B62054200CA3699 /* LoaderView.swift */ = {isa = PBXFileReference; lastKnownFileType = sourcecode.swift; path = LoaderView.swift; sourceTree = "<group>"; };
		C6AE06C42B64426C00322CB4 /* WebService.swift */ = {isa = PBXFileReference; lastKnownFileType = sourcecode.swift; path = WebService.swift; sourceTree = "<group>"; };
/* End PBXFileReference section */

/* Begin PBXFrameworksBuildPhase section */
		C669D95E2B6049DD00CA3699 /* Frameworks */ = {
			isa = PBXFrameworksBuildPhase;
			buildActionMask = 2147483647;
			files = (
			);
			runOnlyForDeploymentPostprocessing = 0;
		};
/* End PBXFrameworksBuildPhase section */

/* Begin PBXGroup section */
		C669D9582B6049DD00CA3699 = {
			isa = PBXGroup;
			children = (
				C669D9632B6049DD00CA3699 /* Solvedex Challenge */,
				C669D9622B6049DD00CA3699 /* Products */,
			);
			sourceTree = "<group>";
		};
		C669D9622B6049DD00CA3699 /* Products */ = {
			isa = PBXGroup;
			children = (
				C669D9612B6049DD00CA3699 /* Solvedex Challenge.app */,
			);
			name = Products;
			sourceTree = "<group>";
		};
		C669D9632B6049DD00CA3699 /* Solvedex Challenge */ = {
			isa = PBXGroup;
			children = (
				C669D9722B604A0B00CA3699 /* Docs */,
				C669D9642B6049DD00CA3699 /* Solvedex_ChallengeApp.swift */,
				C669D9812B60ABC900CA3699 /* DogView.swift */,
				C6293E892B65421A00BD92F9 /* DogRow.swift */,
				C669D98D2B62054200CA3699 /* LoaderView.swift */,
				C669D97B2B60A03600CA3699 /* DogModel.swift */,
				C669D97D2B60A3E200CA3699 /* ErrorCases.swift */,
				C669D9892B61519400CA3699 /* DogsViewModel.swift */,
				C6AE06C42B64426C00322CB4 /* WebService.swift */,
				C669D9872B614FA400CA3699 /* Constants.swift */,
				C669D9682B6049E400CA3699 /* Assets.xcassets */,
				C669D96A2B6049E400CA3699 /* Preview Content */,
			);
			path = "Solvedex Challenge";
			sourceTree = "<group>";
		};
		C669D96A2B6049E400CA3699 /* Preview Content */ = {
			isa = PBXGroup;
			children = (
				C669D96B2B6049E400CA3699 /* Preview Assets.xcassets */,
			);
			path = "Preview Content";
			sourceTree = "<group>";
		};
		C669D9722B604A0B00CA3699 /* Docs */ = {
			isa = PBXGroup;
			children = (
			);
			path = Docs;
			sourceTree = "<group>";
		};
/* End PBXGroup section */

/* Begin PBXNativeTarget section */
		C669D9602B6049DD00CA3699 /* Solvedex Challenge */ = {
			isa = PBXNativeTarget;
			buildConfigurationList = C669D96F2B6049E400CA3699 /* Build configuration list for PBXNativeTarget "Solvedex Challenge" */;
			buildPhases = (
				C669D95D2B6049DD00CA3699 /* Sources */,
				C669D95E2B6049DD00CA3699 /* Frameworks */,
				C669D95F2B6049DD00CA3699 /* Resources */,
			);
			buildRules = (
			);
			dependencies = (
			);
			name = "Solvedex Challenge";
			productName = "Solvedex Challenge";
			productReference = C669D9612B6049DD00CA3699 /* Solvedex Challenge.app */;
			productType = "com.apple.product-type.application";
		};
/* End PBXNativeTarget section */

/* Begin PBXProject section */
		C669D9592B6049DD00CA3699 /* Project object */ = {
			isa = PBXProject;
			attributes = {
				BuildIndependentTargetsInParallel = 1;
				LastSwiftUpdateCheck = 1520;
				LastUpgradeCheck = 1520;
				TargetAttributes = {
					C669D9602B6049DD00CA3699 = {
						CreatedOnToolsVersion = 15.2;
					};
				};
			};
			buildConfigurationList = C669D95C2B6049DD00CA3699 /* Build configuration list for PBXProject "Solvedex Challenge" */;
			compatibilityVersion = "Xcode 14.0";
			developmentRegion = en;
			hasScannedForEncodings = 0;
			knownRegions = (
				en,
				Base,
			);
			mainGroup = C669D9582B6049DD00CA3699;
			productRefGroup = C669D9622B6049DD00CA3699 /* Products */;
			projectDirPath = "";
			projectRoot = "";
			targets = (
				C669D9602B6049DD00CA3699 /* Solvedex Challenge */,
			);
		};
/* End PBXProject section */

/* Begin PBXResourcesBuildPhase section */
		C669D95F2B6049DD00CA3699 /* Resources */ = {
			isa = PBXResourcesBuildPhase;
			buildActionMask = 2147483647;
			files = (
				C669D96C2B6049E400CA3699 /* Preview Assets.xcassets in Resources */,
				C669D9692B6049E400CA3699 /* Assets.xcassets in Resources */,
			);
			runOnlyForDeploymentPostprocessing = 0;
		};
/* End PBXResourcesBuildPhase section */

/* Begin PBXSourcesBuildPhase section */
		C669D95D2B6049DD00CA3699 /* Sources */ = {
			isa = PBXSourcesBuildPhase;
			buildActionMask = 2147483647;
			files = (
				C6AE06C52B64426C00322CB4 /* WebService.swift in Sources */,
				C6293E8A2B65421A00BD92F9 /* DogRow.swift in Sources */,
				C669D9822B60ABC900CA3699 /* DogView.swift in Sources */,
				C669D97C2B60A03600CA3699 /* DogModel.swift in Sources */,
				C669D97E2B60A3E200CA3699 /* ErrorCases.swift in Sources */,
				C669D9652B6049DD00CA3699 /* Solvedex_ChallengeApp.swift in Sources */,
				C669D98E2B62054200CA3699 /* LoaderView.swift in Sources */,
				C669D98A2B61519400CA3699 /* DogsViewModel.swift in Sources */,
				C669D9882B614FA400CA3699 /* Constants.swift in Sources */,
			);
			runOnlyForDeploymentPostprocessing = 0;
		};
/* End PBXSourcesBuildPhase section */

/* Begin XCBuildConfiguration section */
		C669D96D2B6049E400CA3699 /* Debug */ = {
			isa = XCBuildConfiguration;
			buildSettings = {
				ALWAYS_SEARCH_USER_PATHS = NO;
				ASSETCATALOG_COMPILER_GENERATE_SWIFT_ASSET_SYMBOL_EXTENSIONS = YES;
				CLANG_ANALYZER_NONNULL = YES;
				CLANG_ANALYZER_NUMBER_OBJECT_CONVERSION = YES_AGGRESSIVE;
				CLANG_CXX_LANGUAGE_STANDARD = "gnu++20";
				CLANG_ENABLE_MODULES = YES;
				CLANG_ENABLE_OBJC_ARC = YES;
				CLANG_ENABLE_OBJC_WEAK = YES;
				CLANG_WARN_BLOCK_CAPTURE_AUTORELEASING = YES;
				CLANG_WARN_BOOL_CONVERSION = YES;
				CLANG_WARN_COMMA = YES;
				CLANG_WARN_CONSTANT_CONVERSION = YES;
				CLANG_WARN_DEPRECATED_OBJC_IMPLEMENTATIONS = YES;
				CLANG_WARN_DIRECT_OBJC_ISA_USAGE = YES_ERROR;
				CLANG_WARN_DOCUMENTATION_COMMENTS = YES;
				CLANG_WARN_EMPTY_BODY = YES;
				CLANG_WARN_ENUM_CONVERSION = YES;
				CLANG_WARN_INFINITE_RECURSION = YES;
				CLANG_WARN_INT_CONVERSION = YES;
				CLANG_WARN_NON_LITERAL_NULL_CONVERSION = YES;
				CLANG_WARN_OBJC_IMPLICIT_RETAIN_SELF = YES;
				CLANG_WARN_OBJC_LITERAL_CONVERSION = YES;
				CLANG_WARN_OBJC_ROOT_CLASS = YES_ERROR;
				CLANG_WARN_QUOTED_INCLUDE_IN_FRAMEWORK_HEADER = YES;
				CLANG_WARN_RANGE_LOOP_ANALYSIS = YES;
				CLANG_WARN_STRICT_PROTOTYPES = YES;
				CLANG_WARN_SUSPICIOUS_MOVE = YES;
				CLANG_WARN_UNGUARDED_AVAILABILITY = YES_AGGRESSIVE;
				CLANG_WARN_UNREACHABLE_CODE = YES;
				CLANG_WARN__DUPLICATE_METHOD_MATCH = YES;
				COPY_PHASE_STRIP = NO;
				DEBUG_INFORMATION_FORMAT = dwarf;
				ENABLE_STRICT_OBJC_MSGSEND = YES;
				ENABLE_TESTABILITY = YES;
				ENABLE_USER_SCRIPT_SANDBOXING = YES;
				GCC_C_LANGUAGE_STANDARD = gnu17;
				GCC_DYNAMIC_NO_PIC = NO;
				GCC_NO_COMMON_BLOCKS = YES;
				GCC_OPTIMIZATION_LEVEL = 0;
				GCC_PREPROCESSOR_DEFINITIONS = (
					"DEBUG=1",
					"$(inherited)",
				);
				GCC_WARN_64_TO_32_BIT_CONVERSION = YES;
				GCC_WARN_ABOUT_RETURN_TYPE = YES_ERROR;
				GCC_WARN_UNDECLARED_SELECTOR = YES;
				GCC_WARN_UNINITIALIZED_AUTOS = YES_AGGRESSIVE;
				GCC_WARN_UNUSED_FUNCTION = YES;
				GCC_WARN_UNUSED_VARIABLE = YES;
				IPHONEOS_DEPLOYMENT_TARGET = 17.2;
				LOCALIZATION_PREFERS_STRING_CATALOGS = YES;
				MTL_ENABLE_DEBUG_INFO = INCLUDE_SOURCE;
				MTL_FAST_MATH = YES;
				ONLY_ACTIVE_ARCH = YES;
				SDKROOT = iphoneos;
				SWIFT_ACTIVE_COMPILATION_CONDITIONS = "DEBUG $(inherited)";
				SWIFT_OPTIMIZATION_LEVEL = "-Onone";
			};
			name = Debug;
		};
		C669D96E2B6049E400CA3699 /* Release */ = {
			isa = XCBuildConfiguration;
			buildSettings = {
				ALWAYS_SEARCH_USER_PATHS = NO;
				ASSETCATALOG_COMPILER_GENERATE_SWIFT_ASSET_SYMBOL_EXTENSIONS = YES;
				CLANG_ANALYZER_NONNULL = YES;
				CLANG_ANALYZER_NUMBER_OBJECT_CONVERSION = YES_AGGRESSIVE;
				CLANG_CXX_LANGUAGE_STANDARD = "gnu++20";
				CLANG_ENABLE_MODULES = YES;
				CLANG_ENABLE_OBJC_ARC = YES;
				CLANG_ENABLE_OBJC_WEAK = YES;
				CLANG_WARN_BLOCK_CAPTURE_AUTORELEASING = YES;
				CLANG_WARN_BOOL_CONVERSION = YES;
				CLANG_WARN_COMMA = YES;
				CLANG_WARN_CONSTANT_CONVERSION = YES;
				CLANG_WARN_DEPRECATED_OBJC_IMPLEMENTATIONS = YES;
				CLANG_WARN_DIRECT_OBJC_ISA_USAGE = YES_ERROR;
				CLANG_WARN_DOCUMENTATION_COMMENTS = YES;
				CLANG_WARN_EMPTY_BODY = YES;
				CLANG_WARN_ENUM_CONVERSION = YES;
				CLANG_WARN_INFINITE_RECURSION = YES;
				CLANG_WARN_INT_CONVERSION = YES;
				CLANG_WARN_NON_LITERAL_NULL_CONVERSION = YES;
				CLANG_WARN_OBJC_IMPLICIT_RETAIN_SELF = YES;
				CLANG_WARN_OBJC_LITERAL_CONVERSION = YES;
				CLANG_WARN_OBJC_ROOT_CLASS = YES_ERROR;
				CLANG_WARN_QUOTED_INCLUDE_IN_FRAMEWORK_HEADER = YES;
				CLANG_WARN_RANGE_LOOP_ANALYSIS = YES;
				CLANG_WARN_STRICT_PROTOTYPES = YES;
				CLANG_WARN_SUSPICIOUS_MOVE = YES;
				CLANG_WARN_UNGUARDED_AVAILABILITY = YES_AGGRESSIVE;
				CLANG_WARN_UNREACHABLE_CODE = YES;
				CLANG_WARN__DUPLICATE_METHOD_MATCH = YES;
				COPY_PHASE_STRIP = NO;
				DEBUG_INFORMATION_FORMAT = "dwarf-with-dsym";
				ENABLE_NS_ASSERTIONS = NO;
				ENABLE_STRICT_OBJC_MSGSEND = YES;
				ENABLE_USER_SCRIPT_SANDBOXING = YES;
				GCC_C_LANGUAGE_STANDARD = gnu17;
				GCC_NO_COMMON_BLOCKS = YES;
				GCC_WARN_64_TO_32_BIT_CONVERSION = YES;
				GCC_WARN_ABOUT_RETURN_TYPE = YES_ERROR;
				GCC_WARN_UNDECLARED_SELECTOR = YES;
				GCC_WARN_UNINITIALIZED_AUTOS = YES_AGGRESSIVE;
				GCC_WARN_UNUSED_FUNCTION = YES;
				GCC_WARN_UNUSED_VARIABLE = YES;
				IPHONEOS_DEPLOYMENT_TARGET = 17.2;
				LOCALIZATION_PREFERS_STRING_CATALOGS = YES;
				MTL_ENABLE_DEBUG_INFO = NO;
				MTL_FAST_MATH = YES;
				SDKROOT = iphoneos;
				SWIFT_COMPILATION_MODE = wholemodule;
				VALIDATE_PRODUCT = YES;
			};
			name = Release;
		};
		C669D9702B6049E400CA3699 /* Debug */ = {
			isa = XCBuildConfiguration;
			buildSettings = {
				ASSETCATALOG_COMPILER_APPICON_NAME = AppIcon;
				ASSETCATALOG_COMPILER_GLOBAL_ACCENT_COLOR_NAME = AccentColor;
				CODE_SIGN_STYLE = Automatic;
				CURRENT_PROJECT_VERSION = 1;
				DEVELOPMENT_ASSET_PATHS = "\"Solvedex Challenge/Preview Content\"";
				DEVELOPMENT_TEAM = T2Q4YR3P44;
				ENABLE_PREVIEWS = YES;
				GENERATE_INFOPLIST_FILE = YES;
				INFOPLIST_KEY_CFBundleDisplayName = "Solvedex Challenge";
				INFOPLIST_KEY_LSApplicationCategoryType = "public.app-category.photography";
				INFOPLIST_KEY_UIApplicationSceneManifest_Generation = YES;
				INFOPLIST_KEY_UIApplicationSupportsIndirectInputEvents = YES;
				INFOPLIST_KEY_UILaunchScreen_Generation = YES;
				INFOPLIST_KEY_UISupportedInterfaceOrientations = "UIInterfaceOrientationPortrait UIInterfaceOrientationPortraitUpsideDown";
				INFOPLIST_KEY_UISupportedInterfaceOrientations_iPad = "UIInterfaceOrientationLandscapeLeft UIInterfaceOrientationLandscapeRight UIInterfaceOrientationPortrait UIInterfaceOrientationPortraitUpsideDown";
				IPHONEOS_DEPLOYMENT_TARGET = 17.0;
				LD_RUNPATH_SEARCH_PATHS = (
					"$(inherited)",
					"@executable_path/Frameworks",
				);
				MARKETING_VERSION = 1.0;
				PRODUCT_BUNDLE_IDENTIFIER = "mx.datafox.Solvedex-Challenge";
				PRODUCT_NAME = "$(TARGET_NAME)";
				SUPPORTED_PLATFORMS = "iphoneos iphonesimulator";
				SUPPORTS_MACCATALYST = NO;
				SUPPORTS_MAC_DESIGNED_FOR_IPHONE_IPAD = NO;
				SUPPORTS_XR_DESIGNED_FOR_IPHONE_IPAD = NO;
				SWIFT_EMIT_LOC_STRINGS = YES;
				SWIFT_VERSION = 5.0;
				TARGETED_DEVICE_FAMILY = "1,2";
			};
			name = Debug;
		};
		C669D9712B6049E400CA3699 /* Release */ = {
			isa = XCBuildConfiguration;
			buildSettings = {
				ASSETCATALOG_COMPILER_APPICON_NAME = AppIcon;
				ASSETCATALOG_COMPILER_GLOBAL_ACCENT_COLOR_NAME = AccentColor;
				CODE_SIGN_STYLE = Automatic;
				CURRENT_PROJECT_VERSION = 1;
				DEVELOPMENT_ASSET_PATHS = "\"Solvedex Challenge/Preview Content\"";
				DEVELOPMENT_TEAM = T2Q4YR3P44;
				ENABLE_PREVIEWS = YES;
				GENERATE_INFOPLIST_FILE = YES;
				INFOPLIST_KEY_CFBundleDisplayName = "Solvedex Challenge";
				INFOPLIST_KEY_LSApplicationCategoryType = "public.app-category.photography";
				INFOPLIST_KEY_UIApplicationSceneManifest_Generation = YES;
				INFOPLIST_KEY_UIApplicationSupportsIndirectInputEvents = YES;
				INFOPLIST_KEY_UILaunchScreen_Generation = YES;
				INFOPLIST_KEY_UISupportedInterfaceOrientations = "UIInterfaceOrientationPortrait UIInterfaceOrientationPortraitUpsideDown";
				INFOPLIST_KEY_UISupportedInterfaceOrientations_iPad = "UIInterfaceOrientationLandscapeLeft UIInterfaceOrientationLandscapeRight UIInterfaceOrientationPortrait UIInterfaceOrientationPortraitUpsideDown";
				IPHONEOS_DEPLOYMENT_TARGET = 17.0;
				LD_RUNPATH_SEARCH_PATHS = (
					"$(inherited)",
					"@executable_path/Frameworks",
				);
				MARKETING_VERSION = 1.0;
				PRODUCT_BUNDLE_IDENTIFIER = "mx.datafox.Solvedex-Challenge";
				PRODUCT_NAME = "$(TARGET_NAME)";
				SUPPORTED_PLATFORMS = "iphoneos iphonesimulator";
				SUPPORTS_MACCATALYST = NO;
				SUPPORTS_MAC_DESIGNED_FOR_IPHONE_IPAD = NO;
				SUPPORTS_XR_DESIGNED_FOR_IPHONE_IPAD = NO;
				SWIFT_EMIT_LOC_STRINGS = YES;
				SWIFT_VERSION = 5.0;
				TARGETED_DEVICE_FAMILY = "1,2";
			};
			name = Release;
		};
/* End XCBuildConfiguration section */

/* Begin XCConfigurationList section */
		C669D95C2B6049DD00CA3699 /* Build configuration list for PBXProject "Solvedex Challenge" */ = {
			isa = XCConfigurationList;
			buildConfigurations = (
				C669D96D2B6049E400CA3699 /* Debug */,
				C669D96E2B6049E400CA3699 /* Release */,
			);
			defaultConfigurationIsVisible = 0;
			defaultConfigurationName = Release;
		};
		C669D96F2B6049E400CA3699 /* Build configuration list for PBXNativeTarget "Solvedex Challenge" */ = {
			isa = XCConfigurationList;
			buildConfigurations = (
				C669D9702B6049E400CA3699 /* Debug */,
				C669D9712B6049E400CA3699 /* Release */,
			);
			defaultConfigurationIsVisible = 0;
			defaultConfigurationName = Release;
		};
/* End XCConfigurationList section */
	};
	rootObject = C669D9592B6049DD00CA3699 /* Project object */;
}
